
Microsoft Visual Studio Solution File, Format Version 12.00
# Visual Studio Version 17
VisualStudioVersion = 17.0.31903.59
MinimumVisualStudioVersion = 10.0.40219.1
Project("{FAE04EC0-301F-11D3-BF4B-00C04F79EFBC}") = "WebApi", "WebApi\WebApi.csproj", "{A9D62A42-CEE8-4B5B-81B5-22E88787C28D}"
EndProject
Project("{FAE04EC0-301F-11D3-BF4B-00C04F79EFBC}") = "Elibrary", "Elibrary\Elibrary.csproj", "{A8EB70C7-A2BE-4018-B3AF-5FBF507227BB}"
EndProject
Project("{FAE04EC0-301F-11D3-BF4B-00C04F79EFBC}") = "Tests", "Tests\Tests.csproj", "{2DA3C4C5-1834-4E39-B6DF-FDFD6A77884F}"
EndProject
Project("{FAE04EC0-301F-11D3-BF4B-00C04F79EFBC}") = "Utils", "Utils\Utils.csproj", "{66C6CCD9-08A0-45C7-8669-1D11DA0C664D}"
EndProject
Project("{FAE04EC0-301F-11D3-BF4B-00C04F79EFBC}") = "Loader", "Loader\Loader.csproj", "{CC30A1C0-5A05-4FFF-B701-1ADC433891D3}"
EndProject
Global
	GlobalSection(SolutionConfigurationPlatforms) = preSolution
		Debug|Any CPU = Debug|Any CPU
		Release|Any CPU = Release|Any CPU
	EndGlobalSection
	GlobalSection(SolutionProperties) = preSolution
		HideSolutionNode = FALSE
	EndGlobalSection
	GlobalSection(ProjectConfigurationPlatforms) = postSolution
		{A9D62A42-CEE8-4B5B-81B5-22E88787C28D}.Debug|Any CPU.ActiveCfg = Debug|Any CPU
		{A9D62A42-CEE8-4B5B-81B5-22E88787C28D}.Debug|Any CPU.Build.0 = Debug|Any CPU
		{A9D62A42-CEE8-4B5B-81B5-22E88787C28D}.Release|Any CPU.ActiveCfg = Release|Any CPU
		{A9D62A42-CEE8-4B5B-81B5-22E88787C28D}.Release|Any CPU.Build.0 = Release|Any CPU
		{A8EB70C7-A2BE-4018-B3AF-5FBF507227BB}.Debug|Any CPU.ActiveCfg = Debug|Any CPU
		{A8EB70C7-A2BE-4018-B3AF-5FBF507227BB}.Debug|Any CPU.Build.0 = Debug|Any CPU
		{A8EB70C7-A2BE-4018-B3AF-5FBF507227BB}.Release|Any CPU.ActiveCfg = Release|Any CPU
		{A8EB70C7-A2BE-4018-B3AF-5FBF507227BB}.Release|Any CPU.Build.0 = Release|Any CPU
		{2DA3C4C5-1834-4E39-B6DF-FDFD6A77884F}.Debug|Any CPU.ActiveCfg = Debug|Any CPU
		{2DA3C4C5-1834-4E39-B6DF-FDFD6A77884F}.Debug|Any CPU.Build.0 = Debug|Any CPU
		{2DA3C4C5-1834-4E39-B6DF-FDFD6A77884F}.Release|Any CPU.ActiveCfg = Release|Any CPU
		{2DA3C4C5-1834-4E39-B6DF-FDFD6A77884F}.Release|Any CPU.Build.0 = Release|Any CPU
		{66C6CCD9-08A0-45C7-8669-1D11DA0C664D}.Debug|Any CPU.ActiveCfg = Debug|Any CPU
		{66C6CCD9-08A0-45C7-8669-1D11DA0C664D}.Debug|Any CPU.Build.0 = Debug|Any CPU
		{66C6CCD9-08A0-45C7-8669-1D11DA0C664D}.Release|Any CPU.ActiveCfg = Release|Any CPU
		{66C6CCD9-08A0-45C7-8669-1D11DA0C664D}.Release|Any CPU.Build.0 = Release|Any CPU
		{CC30A1C0-5A05-4FFF-B701-1ADC433891D3}.Debug|Any CPU.ActiveCfg = Debug|Any CPU
		{CC30A1C0-5A05-4FFF-B701-1ADC433891D3}.Debug|Any CPU.Build.0 = Debug|Any CPU
		{CC30A1C0-5A05-4FFF-B701-1ADC433891D3}.Release|Any CPU.ActiveCfg = Release|Any CPU
		{CC30A1C0-5A05-4FFF-B701-1ADC433891D3}.Release|Any CPU.Build.0 = Release|Any CPU
	EndGlobalSection
EndGlobal
